// !$*UTF8*$!
{
	archiveVersion = 1;
	classes = {
	};
	objectVersion = 48;
	objects = {

/* Begin PBXBuildFile section */
		626E0A3B1FBC5742000CF18D /* AppDelegate.swift in Sources */ = {isa = PBXBuildFile; fileRef = 626E0A3A1FBC5742000CF18D /* AppDelegate.swift */; };
		626E0A3D1FBC5742000CF18D /* ViewController.swift in Sources */ = {isa = PBXBuildFile; fileRef = 626E0A3C1FBC5742000CF18D /* ViewController.swift */; };
		626E0A401FBC5742000CF18D /* Main.storyboard in Resources */ = {isa = PBXBuildFile; fileRef = 626E0A3E1FBC5742000CF18D /* Main.storyboard */; };
		626E0A431FBC5742000CF18D /* PokemonGo.xcdatamodeld in Sources */ = {isa = PBXBuildFile; fileRef = 626E0A411FBC5742000CF18D /* PokemonGo.xcdatamodeld */; };
		626E0A451FBC5742000CF18D /* Assets.xcassets in Resources */ = {isa = PBXBuildFile; fileRef = 626E0A441FBC5742000CF18D /* Assets.xcassets */; };
		626E0A481FBC5742000CF18D /* LaunchScreen.storyboard in Resources */ = {isa = PBXBuildFile; fileRef = 626E0A461FBC5742000CF18D /* LaunchScreen.storyboard */; };
		626E0A521FBC995F000CF18D /* CoreDataPokemon.swift in Sources */ = {isa = PBXBuildFile; fileRef = 626E0A511FBC995F000CF18D /* CoreDataPokemon.swift */; };
		626E0A541FBCA4AD000CF18D /* PokemonAnotacao.swift in Sources */ = {isa = PBXBuildFile; fileRef = 626E0A531FBCA4AD000CF18D /* PokemonAnotacao.swift */; };
/* End PBXBuildFile section */

/* Begin PBXFileReference section */
		626E0A371FBC5742000CF18D /* PokemonGo.app */ = {isa = PBXFileReference; explicitFileType = wrapper.application; includeInIndex = 0; path = PokemonGo.app; sourceTree = BUILT_PRODUCTS_DIR; };
		626E0A3A1FBC5742000CF18D /* AppDelegate.swift */ = {isa = PBXFileReference; lastKnownFileType = sourcecode.swift; path = AppDelegate.swift; sourceTree = "<group>"; };
		626E0A3C1FBC5742000CF18D /* ViewController.swift */ = {isa = PBXFileReference; lastKnownFileType = sourcecode.swift; path = ViewController.swift; sourceTree = "<group>"; };
		626E0A3F1FBC5742000CF18D /* Base */ = {isa = PBXFileReference; lastKnownFileType = file.storyboard; name = Base; path = Base.lproj/Main.storyboard; sourceTree = "<group>"; };
		626E0A421FBC5742000CF18D /* PokemonGo.xcdatamodel */ = {isa = PBXFileReference; lastKnownFileType = wrapper.xcdatamodel; path = PokemonGo.xcdatamodel; sourceTree = "<group>"; };
		626E0A441FBC5742000CF18D /* Assets.xcassets */ = {isa = PBXFileReference; lastKnownFileType = folder.assetcatalog; path = Assets.xcassets; sourceTree = "<group>"; };
		626E0A471FBC5742000CF18D /* Base */ = {isa = PBXFileReference; lastKnownFileType = file.storyboard; name = Base; path = Base.lproj/LaunchScreen.storyboard; sourceTree = "<group>"; };
		626E0A491FBC5742000CF18D /* Info.plist */ = {isa = PBXFileReference; lastKnownFileType = text.plist.xml; path = Info.plist; sourceTree = "<group>"; };
		626E0A501FBC578E000CF18D /* MapKit.framework */ = {isa = PBXFileReference; lastKnownFileType = wrapper.framework; name = MapKit.framework; path = System/Library/Frameworks/MapKit.framework; sourceTree = SDKROOT; };
		626E0A511FBC995F000CF18D /* CoreDataPokemon.swift */ = {isa = PBXFileReference; lastKnownFileType = sourcecode.swift; path = CoreDataPokemon.swift; sourceTree = "<group>"; };
		626E0A531FBCA4AD000CF18D /* PokemonAnotacao.swift */ = {isa = PBXFileReference; lastKnownFileType = sourcecode.swift; path = PokemonAnotacao.swift; sourceTree = "<group>"; };
/* End PBXFileReference section */

/* Begin PBXFrameworksBuildPhase section */
		626E0A341FBC5742000CF18D /* Frameworks */ = {
			isa = PBXFrameworksBuildPhase;
			buildActionMask = 2147483647;
			files = (
			);
			runOnlyForDeploymentPostprocessing = 0;
		};
/* End PBXFrameworksBuildPhase section */

/* Begin PBXGroup section */
		626E0A2E1FBC5742000CF18D = {
			isa = PBXGroup;
			children = (
				626E0A391FBC5742000CF18D /* PokemonGo */,
				626E0A381FBC5742000CF18D /* Products */,
				626E0A4F1FBC578D000CF18D /* Frameworks */,
			);
			sourceTree = "<group>";
		};
		626E0A381FBC5742000CF18D /* Products */ = {
			isa = PBXGroup;
			children = (
				626E0A371FBC5742000CF18D /* PokemonGo.app */,
			);
			name = Products;
			sourceTree = "<group>";
		};
		626E0A391FBC5742000CF18D /* PokemonGo */ = {
			isa = PBXGroup;
			children = (
				626E0A3A1FBC5742000CF18D /* AppDelegate.swift */,
				626E0A3C1FBC5742000CF18D /* ViewController.swift */,
				626E0A531FBCA4AD000CF18D /* PokemonAnotacao.swift */,
				626E0A3E1FBC5742000CF18D /* Main.storyboard */,
				626E0A441FBC5742000CF18D /* Assets.xcassets */,
				626E0A461FBC5742000CF18D /* LaunchScreen.storyboard */,
				626E0A491FBC5742000CF18D /* Info.plist */,
				626E0A411FBC5742000CF18D /* PokemonGo.xcdatamodeld */,
				626E0A511FBC995F000CF18D /* CoreDataPokemon.swift */,
			);
			path = PokemonGo;
			sourceTree = "<group>";
		};
		626E0A4F1FBC578D000CF18D /* Frameworks */ = {
			isa = PBXGroup;
			children = (
				626E0A501FBC578E000CF18D /* MapKit.framework */,
			);
			name = Frameworks;
			sourceTree = "<group>";
		};
/* End PBXGroup section */

/* Begin PBXNativeTarget section */
		626E0A361FBC5742000CF18D /* PokemonGo */ = {
			isa = PBXNativeTarget;
			buildConfigurationList = 626E0A4C1FBC5742000CF18D /* Build configuration list for PBXNativeTarget "PokemonGo" */;
			buildPhases = (
				626E0A331FBC5742000CF18D /* Sources */,
				626E0A341FBC5742000CF18D /* Frameworks */,
				626E0A351FBC5742000CF18D /* Resources */,
			);
			buildRules = (
			);
			dependencies = (
			);
			name = PokemonGo;
			productName = PokemonGo;
			productReference = 626E0A371FBC5742000CF18D /* PokemonGo.app */;
			productType = "com.apple.product-type.application";
		};
/* End PBXNativeTarget section */

/* Begin PBXProject section */
		626E0A2F1FBC5742000CF18D /* Project object */ = {
			isa = PBXProject;
			attributes = {
				LastSwiftUpdateCheck = 0910;
				LastUpgradeCheck = 0910;
				ORGANIZATIONNAME = "Rodrigo Abreu";
				TargetAttributes = {
					626E0A361FBC5742000CF18D = {
						CreatedOnToolsVersion = 9.1;
						ProvisioningStyle = Automatic;
					};
				};
			};
			buildConfigurationList = 626E0A321FBC5742000CF18D /* Build configuration list for PBXProject "PokemonGo" */;
			compatibilityVersion = "Xcode 8.0";
			developmentRegion = en;
			hasScannedForEncodings = 0;
			knownRegions = (
				en,
				Base,
			);
			mainGroup = 626E0A2E1FBC5742000CF18D;
			productRefGroup = 626E0A381FBC5742000CF18D /* Products */;
			projectDirPath = "";
			projectRoot = "";
			targets = (
				626E0A361FBC5742000CF18D /* PokemonGo */,
			);
		};
/* End PBXProject section */

/* Begin PBXResourcesBuildPhase section */
		626E0A351FBC5742000CF18D /* Resources */ = {
			isa = PBXResourcesBuildPhase;
			buildActionMask = 2147483647;
			files = (
				626E0A481FBC5742000CF18D /* LaunchScreen.storyboard in Resources */,
				626E0A451FBC5742000CF18D /* Assets.xcassets in Resources */,
				626E0A401FBC5742000CF18D /* Main.storyboard in Resources */,
			);
			runOnlyForDeploymentPostprocessing = 0;
		};
/* End PBXResourcesBuildPhase section */

/* Begin PBXSourcesBuildPhase section */
		626E0A331FBC5742000CF18D /* Sources */ = {
			isa = PBXSourcesBuildPhase;
			buildActionMask = 2147483647;
			files = (
				626E0A521FBC995F000CF18D /* CoreDataPokemon.swift in Sources */,
				626E0A541FBCA4AD000CF18D /* PokemonAnotacao.swift in Sources */,
				626E0A3D1FBC5742000CF18D /* ViewController.swift in Sources */,
				626E0A3B1FBC5742000CF18D /* AppDelegate.swift in Sources */,
				626E0A431FBC5742000CF18D /* PokemonGo.xcdatamodeld in Sources */,
			);
			runOnlyForDeploymentPostprocessing = 0;
		};
/* End PBXSourcesBuildPhase section */

/* Begin PBXVariantGroup section */
		626E0A3E1FBC5742000CF18D /* Main.storyboard */ = {
			isa = PBXVariantGroup;
			children = (
				626E0A3F1FBC5742000CF18D /* Base */,
			);
			name = Main.storyboard;
			sourceTree = "<group>";
		};
		626E0A461FBC5742000CF18D /* LaunchScreen.storyboard */ = {
			isa = PBXVariantGroup;
			children = (
				626E0A471FBC5742000CF18D /* Base */,
			);
			name = LaunchScreen.storyboard;
			sourceTree = "<group>";
		};
/* End PBXVariantGroup section */

/* Begin XCBuildConfiguration section */
		626E0A4A1FBC5742000CF18D /* Debug */ = {
			isa = XCBuildConfiguration;
			buildSettings = {
				ALWAYS_SEARCH_USER_PATHS = NO;
				CLANG_ANALYZER_NONNULL = YES;
				CLANG_ANALYZER_NUMBER_OBJECT_CONVERSION = YES_AGGRESSIVE;
				CLANG_CXX_LANGUAGE_STANDARD = "gnu++14";
				CLANG_CXX_LIBRARY = "libc++";
				CLANG_ENABLE_MODULES = YES;
				CLANG_ENABLE_OBJC_ARC = YES;
				CLANG_WARN_BLOCK_CAPTURE_AUTORELEASING = YES;
				CLANG_WARN_BOOL_CONVERSION = YES;
				CLANG_WARN_COMMA = YES;
				CLANG_WARN_CONSTANT_CONVERSION = YES;
				CLANG_WARN_DIRECT_OBJC_ISA_USAGE = YES_ERROR;
				CLANG_WARN_DOCUMENTATION_COMMENTS = YES;
				CLANG_WARN_EMPTY_BODY = YES;
				CLANG_WARN_ENUM_CONVERSION = YES;
				CLANG_WARN_INFINITE_RECURSION = YES;
				CLANG_WARN_INT_CONVERSION = YES;
				CLANG_WARN_NON_LITERAL_NULL_CONVERSION = YES;
				CLANG_WARN_OBJC_LITERAL_CONVERSION = YES;
				CLANG_WARN_OBJC_ROOT_CLASS = YES_ERROR;
				CLANG_WARN_RANGE_LOOP_ANALYSIS = YES;
				CLANG_WARN_STRICT_PROTOTYPES = YES;
				CLANG_WARN_SUSPICIOUS_MOVE = YES;
				CLANG_WARN_UNGUARDED_AVAILABILITY = YES_AGGRESSIVE;
				CLANG_WARN_UNREACHABLE_CODE = YES;
				CLANG_WARN__DUPLICATE_METHOD_MATCH = YES;
				CODE_SIGN_IDENTITY = "iPhone Developer";
				COPY_PHASE_STRIP = NO;
				DEBUG_INFORMATION_FORMAT = dwarf;
				ENABLE_STRICT_OBJC_MSGSEND = YES;
				ENABLE_TESTABILITY = YES;
				GCC_C_LANGUAGE_STANDARD = gnu11;
				GCC_DYNAMIC_NO_PIC = NO;
				GCC_NO_COMMON_BLOCKS = YES;
				GCC_OPTIMIZATION_LEVEL = 0;
				GCC_PREPROCESSOR_DEFINITIONS = (
					"DEBUG=1",
					"$(inherited)",
				);
				GCC_WARN_64_TO_32_BIT_CONVERSION = YES;
				GCC_WARN_ABOUT_RETURN_TYPE = YES_ERROR;
				GCC_WARN_UNDECLARED_SELECTOR = YES;
				GCC_WARN_UNINITIALIZED_AUTOS = YES_AGGRESSIVE;
				GCC_WARN_UNUSED_FUNCTION = YES;
				GCC_WARN_UNUSED_VARIABLE = YES;
				IPHONEOS_DEPLOYMENT_TARGET = 11.1;
				MTL_ENABLE_DEBUG_INFO = YES;
				ONLY_ACTIVE_ARCH = YES;
				SDKROOT = iphoneos;
				SWIFT_ACTIVE_COMPILATION_CONDITIONS = DEBUG;
				SWIFT_OPTIMIZATION_LEVEL = "-Onone";
			};
			name = Debug;
		};
		626E0A4B1FBC5742000CF18D /* Release */ = {
			isa = XCBuildConfiguration;
			buildSettings = {
				ALWAYS_SEARCH_USER_PATHS = NO;
				CLANG_ANALYZER_NONNULL = YES;
				CLANG_ANALYZER_NUMBER_OBJECT_CONVERSION = YES_AGGRESSIVE;
				CLANG_CXX_LANGUAGE_STANDARD = "gnu++14";
				CLANG_CXX_LIBRARY = "libc++";
				CLANG_ENABLE_MODULES = YES;
				CLANG_ENABLE_OBJC_ARC = YES;
				CLANG_WARN_BLOCK_CAPTURE_AUTORELEASING = YES;
				CLANG_WARN_BOOL_CONVERSION = YES;
				CLANG_WARN_COMMA = YES;
				CLANG_WARN_CONSTANT_CONVERSION = YES;
				CLANG_WARN_DIRECT_OBJC_ISA_USAGE = YES_ERROR;
				CLANG_WARN_DOCUMENTATION_COMMENTS = YES;
				CLANG_WARN_EMPTY_BODY = YES;
				CLANG_WARN_ENUM_CONVERSION = YES;
				CLANG_WARN_INFINITE_RECURSION = YES;
				CLANG_WARN_INT_CONVERSION = YES;
				CLANG_WARN_NON_LITERAL_NULL_CONVERSION = YES;
				CLANG_WARN_OBJC_LITERAL_CONVERSION = YES;
				CLANG_WARN_OBJC_ROOT_CLASS = YES_ERROR;
				CLANG_WARN_RANGE_LOOP_ANALYSIS = YES;
				CLANG_WARN_STRICT_PROTOTYPES = YES;
				CLANG_WARN_SUSPICIOUS_MOVE = YES;
				CLANG_WARN_UNGUARDED_AVAILABILITY = YES_AGGRESSIVE;
				CLANG_WARN_UNREACHABLE_CODE = YES;
				CLANG_WARN__DUPLICATE_METHOD_MATCH = YES;
				CODE_SIGN_IDENTITY = "iPhone Developer";
				COPY_PHASE_STRIP = NO;
				DEBUG_INFORMATION_FORMAT = "dwarf-with-dsym";
				ENABLE_NS_ASSERTIONS = NO;
				ENABLE_STRICT_OBJC_MSGSEND = YES;
				GCC_C_LANGUAGE_STANDARD = gnu11;
				GCC_NO_COMMON_BLOCKS = YES;
				GCC_WARN_64_TO_32_BIT_CONVERSION = YES;
				GCC_WARN_ABOUT_RETURN_TYPE = YES_ERROR;
				GCC_WARN_UNDECLARED_SELECTOR = YES;
				GCC_WARN_UNINITIALIZED_AUTOS = YES_AGGRESSIVE;
				GCC_WARN_UNUSED_FUNCTION = YES;
				GCC_WARN_UNUSED_VARIABLE = YES;
				IPHONEOS_DEPLOYMENT_TARGET = 11.1;
				MTL_ENABLE_DEBUG_INFO = NO;
				SDKROOT = iphoneos;
				SWIFT_OPTIMIZATION_LEVEL = "-Owholemodule";
				VALIDATE_PRODUCT = YES;
			};
			name = Release;
		};
		626E0A4D1FBC5742000CF18D /* Debug */ = {
			isa = XCBuildConfiguration;
			buildSettings = {
				ASSETCATALOG_COMPILER_APPICON_NAME = AppIcon;
				CODE_SIGN_STYLE = Automatic;
				DEVELOPMENT_TEAM = 37J9BA46N5;
				INFOPLIST_FILE = PokemonGo/Info.plist;
				LD_RUNPATH_SEARCH_PATHS = "$(inherited) @executable_path/Frameworks";
				PRODUCT_BUNDLE_IDENTIFIER = br.net.tleste.PokemonGo;
				PRODUCT_NAME = "$(TARGET_NAME)";
				SWIFT_VERSION = 4.0;
				TARGETED_DEVICE_FAMILY = "1,2";
			};
			name = Debug;
		};
		626E0A4E1FBC5742000CF18D /* Release */ = {
			isa = XCBuildConfiguration;
			buildSettings = {
				ASSETCATALOG_COMPILER_APPICON_NAME = AppIcon;
				CODE_SIGN_STYLE = Automatic;
				DEVELOPMENT_TEAM = 37J9BA46N5;
				INFOPLIST_FILE = PokemonGo/Info.plist;
				LD_RUNPATH_SEARCH_PATHS = "$(inherited) @executable_path/Frameworks";
				PRODUCT_BUNDLE_IDENTIFIER = br.net.tleste.PokemonGo;
				PRODUCT_NAME = "$(TARGET_NAME)";
				SWIFT_VERSION = 4.0;
				TARGETED_DEVICE_FAMILY = "1,2";
			};
			name = Release;
		};
/* End XCBuildConfiguration section */

/* Begin XCConfigurationList section */
		626E0A321FBC5742000CF18D /* Build configuration list for PBXProject "PokemonGo" */ = {
			isa = XCConfigurationList;
			buildConfigurations = (
				626E0A4A1FBC5742000CF18D /* Debug */,
				626E0A4B1FBC5742000CF18D /* Release */,
			);
			defaultConfigurationIsVisible = 0;
			defaultConfigurationName = Release;
		};
		626E0A4C1FBC5742000CF18D /* Build configuration list for PBXNativeTarget "PokemonGo" */ = {
			isa = XCConfigurationList;
			buildConfigurations = (
				626E0A4D1FBC5742000CF18D /* Debug */,
				626E0A4E1FBC5742000CF18D /* Release */,
			);
			defaultConfigurationIsVisible = 0;
			defaultConfigurationName = Release;
		};
/* End XCConfigurationList section */

/* Begin XCVersionGroup section */
		626E0A411FBC5742000CF18D /* PokemonGo.xcdatamodeld */ = {
			isa = XCVersionGroup;
			children = (
				626E0A421FBC5742000CF18D /* PokemonGo.xcdatamodel */,
			);
			currentVersion = 626E0A421FBC5742000CF18D /* PokemonGo.xcdatamodel */;
			path = PokemonGo.xcdatamodeld;
			sourceTree = "<group>";
			versionGroupType = wrapper.xcdatamodel;
		};
/* End XCVersionGroup section */
	};
	rootObject = 626E0A2F1FBC5742000CF18D /* Project object */;
}
